{
  "name": "ni-webcharts-drive-test",
  "version": "0.0.0",
  "lockfileVersion": 1,
  "requires": true,
  "dependencies": {
    "@jqwidgets/jqx-element": {
      "version": "1.6.0",
      "resolved": "https://registry.npmjs.org/@jqwidgets/jqx-element/-/jqx-element-1.6.0.tgz",
      "integrity": "sha1-8Jn2di2GpMaii7wHXsn3Jhndwe8="
    },
    "engineering-flot": {
      "version": "1.0.10",
      "resolved": "https://registry.npmjs.org/engineering-flot/-/engineering-flot-1.0.10.tgz",
      "integrity": "sha512-4X/RVlitMYx2rafd0/44k59FDIiRG/XQ+zBR7Za417P7SQ5T23sN126NRkYmH0sQYkwKFwB4JDn6KST86y3lhQ=="
    },
    "flot-charting-plugin": {
      "version": "1.0.1",
      "resolved": "https://registry.npmjs.org/flot-charting-plugin/-/flot-charting-plugin-1.0.1.tgz",
      "integrity": "sha512-o9SflFB9pbNoZinig9lMpt74Uurr/wBMX8/r5TZnB4xbOLldd9v+85jvH15VgZegHZc4+9+JLSfQNwvsUG29mA=="
    },
    "flot-cursors-plugin": {
      "version": "1.0.5",
      "resolved": "https://registry.npmjs.org/flot-cursors-plugin/-/flot-cursors-plugin-1.0.5.tgz",
      "integrity": "sha512-HvvijoYaMLQ39IWGCHY+JwRiAmdchQnWIhZtqLDAFelYjZnZY168YFJ3WrmUKoxDWurfyUPvQjfzBR31Y96UYA=="
    },
    "flot-glplotter-plugin": {
      "version": "0.0.3",
      "resolved": "https://registry.npmjs.org/flot-glplotter-plugin/-/flot-glplotter-plugin-0.0.3.tgz",
      "integrity": "sha512-PyS58EHU0wYCGFHSyX0acfIrEmK7BBgDY5g0NuP6sPX0IJJp9w0yQfyeq4S587zLhCy7AoqdZh4BsGnT/1pqww==",
      "requires": {
        "three": "0.87.1"
      }
    },
    "flot-intensitygraph-plugin": {
      "version": "1.0.1",
      "resolved": "https://registry.npmjs.org/flot-intensitygraph-plugin/-/flot-intensitygraph-plugin-1.0.1.tgz",
      "integrity": "sha512-hynw1iazEbJAt9Slq/n1//7sdWOpeWBGLytjYMG08E074zsnwz547DQL527Cua6D9UmTmAq5uCjV9G3dN7hcow=="
    },
    "jquery": {
      "version": "3.2.1",
      "resolved": "https://registry.npmjs.org/jquery/-/jquery-3.2.1.tgz",
      "integrity": "sha1-XE2d5lKvbNCncBVKYxu6ErAVx4c="
    },
    "jqwidgets-scripts": {
      "version": "5.1.0",
      "resolved": "https://registry.npmjs.org/jqwidgets-scripts/-/jqwidgets-scripts-5.1.0.tgz",
      "integrity": "sha512-UTZi0c10DfWYNjzUw8c4UJ87QVw58lONB6frknNey7qCbMo+UPBZztYnCctKg1mRQRRYakZ4oG48ZpSdixphvQ=="
    },
    "ni-data-types": {
      "version": "1.0.5",
      "resolved": "https://registry.npmjs.org/ni-data-types/-/ni-data-types-1.0.5.tgz",
      "integrity": "sha512-/tqQ1aOqXDYt+YdJSRKSe28tbFTVN+cunX8wWXU0A5kI1IousFK8OFzPGG4dL7t8Vhn9z3wLnthNSlsLX01aug=="
    },
    "ni-webcharts": {
      "version": "1.2.0",
      "resolved": "https://registry.npmjs.org/ni-webcharts/-/ni-webcharts-1.2.0.tgz",
      "integrity": "sha512-579lFUdAOiVlI+Ue+SIZE2EKnp/1pJg6hQzjiygtzoiTcq77uIdcshFEiGQ0hHuLebiKWCPhaY9PcWJxTTOVNA==",
      "requires": {
        "@jqwidgets/jqx-element": "1.6.0",
        "engineering-flot": "1.0.10",
        "flot-charting-plugin": "1.0.1",
        "flot-cursors-plugin": "1.0.5",
        "flot-glplotter-plugin": "0.0.3",
        "flot-intensitygraph-plugin": "1.0.1",
        "jquery": "3.2.1",
        "ni-data-types": "1.0.5",
        "webcomponents-lite": "0.6.0"
      }
    },
    "ni-webcharts-legends": {
      "version": "1.2.0",
      "resolved": "https://registry.npmjs.org/ni-webcharts-legends/-/ni-webcharts-legends-1.2.0.tgz",
      "integrity": "sha512-qxWxuaNe6834e2dz52xTEnKxWWNxT7oPd2lqyjWI5cz2NNMCPZPtGjJMWDzd2bd5JGkSCvKmcSoihdZyQIEhDA==",
      "requires": {
        "jqwidgets-scripts": "5.1.0"
      }
    },
    "pako": {
      "version": "1.0.4",
      "resolved": "https://registry.npmjs.org/pako/-/pako-1.0.4.tgz",
      "integrity": "sha1-QSzJfDt/8G3GwlV/1PA9BvXnCNQ="
    },
    "three": {
      "version": "0.87.1",
      "resolved": "https://registry.npmjs.org/three/-/three-0.87.1.tgz",
      "integrity": "sha1-Rmo07cRUNFnO2bnX0na2Uhb+K6g="
    },
    "webcomponents-lite": {
      "version": "0.6.0",
      "resolved": "https://registry.npmjs.org/webcomponents-lite/-/webcomponents-lite-0.6.0.tgz",
      "integrity": "sha1-1eEMy6WRcR1FwVxkl2v8T49hV8s="
    }
  }
}
