{
  "name": "ni-webcharts-drive-test",
  "version": "0.0.0",
  "lockfileVersion": 1,
  "dependencies": {
    "@jqwidgets/jqx-element": {
      "version": "1.3.35",
      "resolved": "https://registry.npmjs.org/@jqwidgets/jqx-element/-/jqx-element-1.3.35.tgz",
      "integrity": "sha1-tBaRW9Qe1PYMmEuL5w7Rl5gzeo4="
    },
    "engineering-flot": {
      "version": "0.4.9",
      "resolved": "https://registry.npmjs.org/engineering-flot/-/engineering-flot-0.4.9.tgz",
      "integrity": "sha1-82s4beFr8BjigzacURGSbAnFXNg="
    },
    "flot-charting": {
      "version": "0.2.8",
      "resolved": "https://registry.npmjs.org/flot-charting/-/flot-charting-0.2.8.tgz",
      "integrity": "sha1-r0bxrO7xEbWVD77E/xiqJ1bpv8s="
    },
    "flot-cursors-plugin": {
      "version": "0.4.4",
      "resolved": "https://registry.npmjs.org/flot-cursors-plugin/-/flot-cursors-plugin-0.4.4.tgz",
      "integrity": "sha512-0zphJ7EzdeP5GDjfaMHhIzsD39csSlPZ1oWiTfO+IuZYtWmX8x3obfV11tDpvUXk9gdOJ8z6FjgskdEJ3wEbNQ=="
    },
    "flot-intensitygraph-plugin": {
      "version": "0.2.8",
      "resolved": "https://registry.npmjs.org/flot-intensitygraph-plugin/-/flot-intensitygraph-plugin-0.2.8.tgz",
      "integrity": "sha1-HgVpV5ExVl+pI22fLTLjn9jDQBk="
    },
    "jquery": {
      "version": "3.2.1",
      "resolved": "https://registry.npmjs.org/jquery/-/jquery-3.2.1.tgz",
      "integrity": "sha1-XE2d5lKvbNCncBVKYxu6ErAVx4c="
    },
    "jqwidgets-framework": {
      "version": "4.6.2",
      "resolved": "https://registry.npmjs.org/jqwidgets-framework/-/jqwidgets-framework-4.6.2.tgz",
      "integrity": "sha1-Ll8HxukWGR62H6bexqnUfx7Frfc="
    },
    "ni-data-types": {
      "version": "0.2.0",
      "resolved": "https://registry.npmjs.org/ni-data-types/-/ni-data-types-0.2.0.tgz",
      "integrity": "sha1-34I+TWvxMWRFpNvBFJA9RK+vWXo="
    },
    "ni-webcharts": {
      "version": "0.7.2",
      "resolved": "https://registry.npmjs.org/ni-webcharts/-/ni-webcharts-0.7.2.tgz",
      "integrity": "sha512-QZmcwElHUbXhUTklAFPukwNiptJYnrR8eiVPQ9SQ0GCbr2eGSyGA/y7291h42AwK3BmuKDAOted4dHqOiH4Byw=="
    },
    "ni-webcharts-legends": {
      "version": "0.2.3",
      "resolved": "https://registry.npmjs.org/ni-webcharts-legends/-/ni-webcharts-legends-0.2.3.tgz",
      "integrity": "sha1-zlfivf6cAxaZ2Eq6oyIPiSrkP+o="
    },
    "pako": {
      "version": "1.0.4",
      "resolved": "https://registry.npmjs.org/pako/-/pako-1.0.4.tgz",
      "integrity": "sha1-QSzJfDt/8G3GwlV/1PA9BvXnCNQ="
    },
    "webcomponents-lite": {
      "version": "0.6.0",
      "resolved": "https://registry.npmjs.org/webcomponents-lite/-/webcomponents-lite-0.6.0.tgz",
      "integrity": "sha1-1eEMy6WRcR1FwVxkl2v8T49hV8s="
    }
  }
}
