{
  "name": "ni-webcharts-drive-test",
  "version": "0.0.0",
  "lockfileVersion": 1,
  "requires": true,
  "dependencies": {
    "@jqwidgets/jqx-element": {
      "version": "1.6.4",
      "resolved": "https://registry.npmjs.org/@jqwidgets/jqx-element/-/jqx-element-1.6.4.tgz",
      "integrity": "sha512-ylSTpN1ZqWsfuSNiNP6rPjLyepTmyAYSzS2SVC74c8M7cJyTkk0ALVSeQpLupKCxBlMpYtNuO9iwpZEC3d2bfA=="
    },
    "engineering-flot": {
      "version": "1.1.1",
      "resolved": "https://registry.npmjs.org/engineering-flot/-/engineering-flot-1.1.1.tgz",
      "integrity": "sha512-GlrBXbZdoGMqopwgpysro4rC0GKPuClkospDBwuMsd+Ipiqz5uabn7H5hqzcpOYR/uQ1GNRwqZ6R6rq+nXZC8A=="
    },
    "flot-charting-plugin": {
      "version": "1.0.1",
      "resolved": "https://registry.npmjs.org/flot-charting-plugin/-/flot-charting-plugin-1.0.1.tgz",
      "integrity": "sha512-o9SflFB9pbNoZinig9lMpt74Uurr/wBMX8/r5TZnB4xbOLldd9v+85jvH15VgZegHZc4+9+JLSfQNwvsUG29mA=="
    },
    "flot-cursors-plugin": {
      "version": "1.0.6",
      "resolved": "https://registry.npmjs.org/flot-cursors-plugin/-/flot-cursors-plugin-1.0.6.tgz",
      "integrity": "sha512-oMi0zLZw4zCBlmin+iVMkuSOuh8qblVQhO7CQhjf8v7qtD8aagWmUE3DWKoceeXt4DsqwxXNLDlsF6Cg97IAbw=="
    },
    "flot-glplotter-plugin": {
      "version": "0.0.3",
      "resolved": "https://registry.npmjs.org/flot-glplotter-plugin/-/flot-glplotter-plugin-0.0.3.tgz",
      "integrity": "sha512-PyS58EHU0wYCGFHSyX0acfIrEmK7BBgDY5g0NuP6sPX0IJJp9w0yQfyeq4S587zLhCy7AoqdZh4BsGnT/1pqww==",
      "requires": {
        "three": "0.87.1"
      }
    },
    "flot-intensitygraph-plugin": {
      "version": "1.0.1",
      "resolved": "https://registry.npmjs.org/flot-intensitygraph-plugin/-/flot-intensitygraph-plugin-1.0.1.tgz",
      "integrity": "sha512-hynw1iazEbJAt9Slq/n1//7sdWOpeWBGLytjYMG08E074zsnwz547DQL527Cua6D9UmTmAq5uCjV9G3dN7hcow=="
    },
    "jquery": {
      "version": "3.2.1",
      "resolved": "https://registry.npmjs.org/jquery/-/jquery-3.2.1.tgz",
      "integrity": "sha1-XE2d5lKvbNCncBVKYxu6ErAVx4c="
    },
    "jqwidgets-scripts": {
      "version": "5.1.0",
      "resolved": "https://registry.npmjs.org/jqwidgets-scripts/-/jqwidgets-scripts-5.1.0.tgz",
      "integrity": "sha512-UTZi0c10DfWYNjzUw8c4UJ87QVw58lONB6frknNey7qCbMo+UPBZztYnCctKg1mRQRRYakZ4oG48ZpSdixphvQ=="
    },
    "ni-data-types": {
      "version": "1.0.5",
      "resolved": "https://registry.npmjs.org/ni-data-types/-/ni-data-types-1.0.5.tgz",
      "integrity": "sha512-/tqQ1aOqXDYt+YdJSRKSe28tbFTVN+cunX8wWXU0A5kI1IousFK8OFzPGG4dL7t8Vhn9z3wLnthNSlsLX01aug=="
    },
    "ni-webcharts": {
      "version": "1.2.2",
      "resolved": "https://registry.npmjs.org/ni-webcharts/-/ni-webcharts-1.2.2.tgz",
      "integrity": "sha512-WlgIjGqC4ra3J+5C4fC7GtR9iX6P5a5Xi0E7fBv+//TPJEWlr37rERtcxlbd/DJt1CT4TWuQNA7G2JwsxCz7hg==",
      "requires": {
        "@jqwidgets/jqx-element": "1.6.4",
        "engineering-flot": "1.1.1",
        "flot-charting-plugin": "1.0.1",
        "flot-cursors-plugin": "1.0.6",
        "flot-glplotter-plugin": "0.0.3",
        "flot-intensitygraph-plugin": "1.0.1",
        "jquery": "3.2.1",
        "ni-data-types": "1.0.5",
        "webcomponents-lite": "0.6.0"
      }
    },
    "ni-webcharts-legends": {
      "version": "1.2.1",
      "resolved": "https://registry.npmjs.org/ni-webcharts-legends/-/ni-webcharts-legends-1.2.1.tgz",
      "integrity": "sha512-nCpzuzR2yYWYx9NXd/9ADs3NZYW0fcHYh5X0RuabLWjQVKmvcgNkmH3mQwo3xP7dxO7T6cfqhNoe+tFH2wAkkw==",
      "requires": {
        "jqwidgets-scripts": "5.1.0"
      }
    },
    "pako": {
      "version": "1.0.4",
      "resolved": "https://registry.npmjs.org/pako/-/pako-1.0.4.tgz",
      "integrity": "sha1-QSzJfDt/8G3GwlV/1PA9BvXnCNQ="
    },
    "three": {
      "version": "0.87.1",
      "resolved": "https://registry.npmjs.org/three/-/three-0.87.1.tgz",
      "integrity": "sha1-Rmo07cRUNFnO2bnX0na2Uhb+K6g="
    },
    "webcomponents-lite": {
      "version": "0.6.0",
      "resolved": "https://registry.npmjs.org/webcomponents-lite/-/webcomponents-lite-0.6.0.tgz",
      "integrity": "sha1-1eEMy6WRcR1FwVxkl2v8T49hV8s="
    }
  }
}
